
Microsoft Visual Studio Solution File, Format Version 12.00
# Visual Studio 15
VisualStudioVersion = 15.0.27004.2009
MinimumVisualStudioVersion = 10.0.40219.1
Project("{FAE04EC0-301F-11D3-BF4B-00C04F79EFBC}") = "dealImage", "dealImage\dealImage.csproj", "{C567B4C8-AA1A-4A23-9EEC-E002734C0393}"
EndProject
Project("{FAE04EC0-301F-11D3-BF4B-00C04F79EFBC}") = "FindSpriteFrame", "FindSpriteFrame\FindSpriteFrame.csproj", "{5B586769-BAFB-4A3E-A0BA-2DE6EC278289}"
EndProject
Global
	GlobalSection(SolutionConfigurationPlatforms) = preSolution
		Debug|Any CPU = Debug|Any CPU
		Release|Any CPU = Release|Any CPU
	EndGlobalSection
	GlobalSection(ProjectConfigurationPlatforms) = postSolution
		{C567B4C8-AA1A-4A23-9EEC-E002734C0393}.Debug|Any CPU.ActiveCfg = Debug|Any CPU
		{C567B4C8-AA1A-4A23-9EEC-E002734C0393}.Debug|Any CPU.Build.0 = Debug|Any CPU
		{C567B4C8-AA1A-4A23-9EEC-E002734C0393}.Release|Any CPU.ActiveCfg = Release|Any CPU
		{C567B4C8-AA1A-4A23-9EEC-E002734C0393}.Release|Any CPU.Build.0 = Release|Any CPU
		{5B586769-BAFB-4A3E-A0BA-2DE6EC278289}.Debug|Any CPU.ActiveCfg = Debug|Any CPU
		{5B586769-BAFB-4A3E-A0BA-2DE6EC278289}.Debug|Any CPU.Build.0 = Debug|Any CPU
		{5B586769-BAFB-4A3E-A0BA-2DE6EC278289}.Release|Any CPU.ActiveCfg = Release|Any CPU
		{5B586769-BAFB-4A3E-A0BA-2DE6EC278289}.Release|Any CPU.Build.0 = Release|Any CPU
	EndGlobalSection
	GlobalSection(SolutionProperties) = preSolution
		HideSolutionNode = FALSE
	EndGlobalSection
	GlobalSection(ExtensibilityGlobals) = postSolution
		SolutionGuid = {EACCCA3E-E55E-4389-96FE-3ABDB7C282F3}
	EndGlobalSection
EndGlobal
